
Microsoft Visual Studio Solution File, Format Version 12.00
# Visual Studio Version 16
VisualStudioVersion = 16.0.31424.327
MinimumVisualStudioVersion = 10.0.40219.1
Project("{FAE04EC0-301F-11D3-BF4B-00C04F79EFBC}") = "Lab08-Library", "Lab08-Library\Lab08-Library.csproj", "{A449B360-E468-4A3D-853E-45F5E7417915}"
EndProject
Global
	GlobalSection(SolutionConfigurationPlatforms) = preSolution
		Debug|Any CPU = Debug|Any CPU
		Release|Any CPU = Release|Any CPU
	EndGlobalSection
	GlobalSection(ProjectConfigurationPlatforms) = postSolution
		{A449B360-E468-4A3D-853E-45F5E7417915}.Debug|Any CPU.ActiveCfg = Debug|Any CPU
		{A449B360-E468-4A3D-853E-45F5E7417915}.Debug|Any CPU.Build.0 = Debug|Any CPU
		{A449B360-E468-4A3D-853E-45F5E7417915}.Release|Any CPU.ActiveCfg = Release|Any CPU
		{A449B360-E468-4A3D-853E-45F5E7417915}.Release|Any CPU.Build.0 = Release|Any CPU
	EndGlobalSection
	GlobalSection(SolutionProperties) = preSolution
		HideSolutionNode = FALSE
	EndGlobalSection
	GlobalSection(ExtensibilityGlobals) = postSolution
		SolutionGuid = {AD6E4EC8-EE11-4836-9A61-2F2D2E669509}
	EndGlobalSection
EndGlobal
